
Microsoft Visual Studio Solution File, Format Version 12.00
# Visual Studio Version 17
VisualStudioVersion = 17.10.35027.167
MinimumVisualStudioVersion = 10.0.40219.1
Project("{FAE04EC0-301F-11D3-BF4B-00C04F79EFBC}") = "TSNP204023_TSNP210223_TSNP229123_unidad3", "TSNP204023_TSNP210223_TSNP229123_unidad3\TSNP204023_TSNP210223_TSNP229123_unidad3.csproj", "{B5F13F9E-095A-45C8-9B18-663CBF620B57}"
EndProject
Global
	GlobalSection(SolutionConfigurationPlatforms) = preSolution
		Debug|Any CPU = Debug|Any CPU
		Release|Any CPU = Release|Any CPU
	EndGlobalSection
	GlobalSection(ProjectConfigurationPlatforms) = postSolution
		{B5F13F9E-095A-45C8-9B18-663CBF620B57}.Debug|Any CPU.ActiveCfg = Debug|Any CPU
		{B5F13F9E-095A-45C8-9B18-663CBF620B57}.Debug|Any CPU.Build.0 = Debug|Any CPU
		{B5F13F9E-095A-45C8-9B18-663CBF620B57}.Release|Any CPU.ActiveCfg = Release|Any CPU
		{B5F13F9E-095A-45C8-9B18-663CBF620B57}.Release|Any CPU.Build.0 = Release|Any CPU
	EndGlobalSection
	GlobalSection(SolutionProperties) = preSolution
		HideSolutionNode = FALSE
	EndGlobalSection
	GlobalSection(ExtensibilityGlobals) = postSolution
		SolutionGuid = {8ADCD532-2353-48BC-8D62-375F0D89C008}
	EndGlobalSection
EndGlobal
