
Microsoft Visual Studio Solution File, Format Version 12.00
# Visual Studio Version 17
VisualStudioVersion = 17.10.35027.167
MinimumVisualStudioVersion = 10.0.40219.1
Project("{FAE04EC0-301F-11D3-BF4B-00C04F79EFBC}") = "TSNP229123", "TSNP229123\TSNP229123.csproj", "{BC48CC02-6ABA-46B7-913D-5758875B8995}"
EndProject
Global
	GlobalSection(SolutionConfigurationPlatforms) = preSolution
		Debug|Any CPU = Debug|Any CPU
		Release|Any CPU = Release|Any CPU
	EndGlobalSection
	GlobalSection(ProjectConfigurationPlatforms) = postSolution
		{BC48CC02-6ABA-46B7-913D-5758875B8995}.Debug|Any CPU.ActiveCfg = Debug|Any CPU
		{BC48CC02-6ABA-46B7-913D-5758875B8995}.Debug|Any CPU.Build.0 = Debug|Any CPU
		{BC48CC02-6ABA-46B7-913D-5758875B8995}.Release|Any CPU.ActiveCfg = Release|Any CPU
		{BC48CC02-6ABA-46B7-913D-5758875B8995}.Release|Any CPU.Build.0 = Release|Any CPU
	EndGlobalSection
	GlobalSection(SolutionProperties) = preSolution
		HideSolutionNode = FALSE
	EndGlobalSection
	GlobalSection(ExtensibilityGlobals) = postSolution
		SolutionGuid = {1A108B45-0AB4-436A-BF2A-5627187E0DCA}
	EndGlobalSection
EndGlobal
