
Microsoft Visual Studio Solution File, Format Version 12.00
# Visual Studio Version 17
VisualStudioVersion = 17.10.35027.167
MinimumVisualStudioVersion = 10.0.40219.1
Project("{FAE04EC0-301F-11D3-BF4B-00C04F79EFBC}") = "peliculas", "peliculas\peliculas.csproj", "{3C5CB212-DD00-4F81-96D6-4CB056128488}"
EndProject
Global
	GlobalSection(SolutionConfigurationPlatforms) = preSolution
		Debug|Any CPU = Debug|Any CPU
		Release|Any CPU = Release|Any CPU
	EndGlobalSection
	GlobalSection(ProjectConfigurationPlatforms) = postSolution
		{3C5CB212-DD00-4F81-96D6-4CB056128488}.Debug|Any CPU.ActiveCfg = Debug|Any CPU
		{3C5CB212-DD00-4F81-96D6-4CB056128488}.Debug|Any CPU.Build.0 = Debug|Any CPU
		{3C5CB212-DD00-4F81-96D6-4CB056128488}.Release|Any CPU.ActiveCfg = Release|Any CPU
		{3C5CB212-DD00-4F81-96D6-4CB056128488}.Release|Any CPU.Build.0 = Release|Any CPU
	EndGlobalSection
	GlobalSection(SolutionProperties) = preSolution
		HideSolutionNode = FALSE
	EndGlobalSection
	GlobalSection(ExtensibilityGlobals) = postSolution
		SolutionGuid = {15640A2C-E2D0-44B2-B1EB-938DD9DA5193}
	EndGlobalSection
EndGlobal
